
Microsoft Visual Studio Solution File, Format Version 12.00
# Visual Studio 15
VisualStudioVersion = 15.0.27428.2037
MinimumVisualStudioVersion = 10.0.40219.1
Project("{FAE04EC0-301F-11D3-BF4B-00C04F79EFBC}") = "RazorPagesMovie", "RazorPagesMovie\RazorPagesMovie.csproj", "{27E09E07-5B0C-4F0A-BE72-B6502BCA037A}"
EndProject
Global
	GlobalSection(SolutionConfigurationPlatforms) = preSolution
		Debug|Any CPU = Debug|Any CPU
		Release|Any CPU = Release|Any CPU
	EndGlobalSection
	GlobalSection(ProjectConfigurationPlatforms) = postSolution
		{27E09E07-5B0C-4F0A-BE72-B6502BCA037A}.Debug|Any CPU.ActiveCfg = Debug|Any CPU
		{27E09E07-5B0C-4F0A-BE72-B6502BCA037A}.Debug|Any CPU.Build.0 = Debug|Any CPU
		{27E09E07-5B0C-4F0A-BE72-B6502BCA037A}.Release|Any CPU.ActiveCfg = Release|Any CPU
		{27E09E07-5B0C-4F0A-BE72-B6502BCA037A}.Release|Any CPU.Build.0 = Release|Any CPU
	EndGlobalSection
	GlobalSection(SolutionProperties) = preSolution
		HideSolutionNode = FALSE
	EndGlobalSection
	GlobalSection(ExtensibilityGlobals) = postSolution
		SolutionGuid = {DC33853D-D288-41AF-8DE9-2CCD68E6316F}
	EndGlobalSection
EndGlobal
